<?xml version="1.0" encoding="UTF-8"?>
<!DOCTYPE plist PUBLIC "-//Apple//DTD PLIST 1.0//EN" "http://www.apple.com/DTDs/PropertyList-1.0.dtd">
<plist version="1.0">
<dict>
	<key>archiveVersion</key>
	<string>1</string>
	<key>classes</key>
	<dict/>
	<key>objectVersion</key>
	<string>46</string>
	<key>objects</key>
	<dict>
		<key>11E27AF998774094A890C3F0</key>
		<dict>
			<key>fileRef</key>
			<string>A7717DCF720ADA38CF58AE5F</string>
			<key>isa</key>
			<string>PBXBuildFile</string>
		</dict>
		<key>1A197A6FFC421852069A123F</key>
		<dict>
			<key>isa</key>
			<string>PBXFileReference</string>
			<key>lastKnownFileType</key>
			<string>wrapper.framework</string>
			<key>name</key>
			<string>CoreTelephony.framework</string>
			<key>path</key>
			<string>System/Library/Frameworks/CoreTelephony.framework</string>
			<key>sourceTree</key>
			<string>SDKROOT</string>
		</dict>
		<key>1F989EE8F5967246536D82D3</key>
		<dict>
			<key>fileRef</key>
			<string>C0CC85E3DFBD26D5B41E1AAE</string>
			<key>isa</key>
			<string>PBXBuildFile</string>
		</dict>
		<key>2074ABAFCD752C9366216FB5</key>
		<dict>
			<key>isa</key>
			<string>PBXFileReference</string>
			<key>lastKnownFileType</key>
			<string>wrapper.framework</string>
			<key>name</key>
			<string>QuartzCore.framework</string>
			<key>path</key>
			<string>System/Library/Frameworks/QuartzCore.framework</string>
			<key>sourceTree</key>
			<string>SDKROOT</string>
		</dict>
		<key>233DFA7C9B68A528A281D1F0</key>
		<dict>
			<key>fileRef</key>
			<string>C58B207E394C1A859B2CEC0A</string>
			<key>isa</key>
			<string>PBXBuildFile</string>
		</dict>
		<key>2B04790C1F43C99942EF78AD</key>
		<dict>
			<key>isa</key>
			<string>PBXFileReference</string>
			<key>lastKnownFileType</key>
			<string>wrapper.framework</string>
			<key>name</key>
			<string>AssetsLibrary.framework</string>
			<key>path</key>
			<string>System/Library/Frameworks/AssetsLibrary.framework</string>
			<key>sourceTree</key>
			<string>SDKROOT</string>
		</dict>
		<key>2B0E7E5FE55E749AD6453531</key>
		<dict>
			<key>fileRef</key>
			<string>1A197A6FFC421852069A123F</string>
			<key>isa</key>
			<string>PBXBuildFile</string>
		</dict>
		<key>37E3766B6B9D062C114A74D7</key>
		<dict>
			<key>fileRef</key>
			<string>EC448A2D5D7B5C1D22AE0C02</string>
			<key>isa</key>
			<string>PBXBuildFile</string>
		</dict>
		<key>539362157D812D225FFC2704</key>
		<dict>
			<key>isa</key>
			<string>PBXFileReference</string>
			<key>lastKnownFileType</key>
			<string>wrapper.framework</string>
			<key>name</key>
			<string>CoreVideo.framework</string>
			<key>path</key>
			<string>System/Library/Frameworks/CoreVideo.framework</string>
			<key>sourceTree</key>
			<string>SDKROOT</string>
		</dict>
		<key>811A920AE226D1F1AA280C32</key>
		<dict>
			<key>includeInIndex</key>
			<string>1</string>
			<key>isa</key>
			<string>PBXFileReference</string>
			<key>lastKnownFileType</key>
			<string>sourcecode.c.h</string>
			<key>path</key>
			<string>Bridging-Header.h</string>
			<key>sourceTree</key>
			<string>&lt;group&gt;</string>
		</dict>
		<key>835AEC821D80DD7F0046555C</key>
		<dict>
			<key>children</key>
			<array>
				<string>835AEC8D1D80DD800046555C</string>
				<string>835AECA21D80DD800046555C</string>
				<string>835AECAD1D80DD800046555C</string>
				<string>835AEC8C1D80DD800046555C</string>
				<string>84C013C0B11AB9F95B36881F</string>
				<string>811A920AE226D1F1AA280C32</string>
			</array>
			<key>isa</key>
			<string>PBXGroup</string>
			<key>sourceTree</key>
			<string>&lt;group&gt;</string>
		</dict>
		<key>835AEC831D80DD7F0046555C</key>
		<dict>
			<key>attributes</key>
			<dict>
				<key>LastSwiftUpdateCheck</key>
				<string>0730</string>
				<key>LastUpgradeCheck</key>
				<string>0730</string>
				<key>ORGANIZATIONNAME</key>
				<string>buddybuild</string>
				<key>TargetAttributes</key>
				<dict>
					<key>835AEC8A1D80DD7F0046555C</key>
					<dict>
						<key>CreatedOnToolsVersion</key>
						<string>7.3</string>
						<key>DevelopmentTeam</key>
						<string>E662VUSA46</string>
					</dict>
					<key>835AEC9E1D80DD800046555C</key>
					<dict>
						<key>CreatedOnToolsVersion</key>
						<string>7.3</string>
						<key>TestTargetID</key>
						<string>835AEC8A1D80DD7F0046555C</string>
					</dict>
					<key>835AECA91D80DD800046555C</key>
					<dict>
						<key>CreatedOnToolsVersion</key>
						<string>7.3</string>
						<key>TestTargetID</key>
						<string>835AEC8A1D80DD7F0046555C</string>
					</dict>
				</dict>
			</dict>
			<key>buildConfigurationList</key>
			<string>835AEC861D80DD7F0046555C</string>
			<key>compatibilityVersion</key>
			<string>Xcode 3.2</string>
			<key>developmentRegion</key>
			<string>English</string>
			<key>hasScannedForEncodings</key>
			<string>0</string>
			<key>isa</key>
			<string>PBXProject</string>
			<key>knownRegions</key>
			<array>
				<string>en</string>
				<string>Base</string>
			</array>
			<key>mainGroup</key>
			<string>835AEC821D80DD7F0046555C</string>
			<key>productRefGroup</key>
			<string>835AEC8C1D80DD800046555C</string>
			<key>projectDirPath</key>
			<string></string>
			<key>projectReferences</key>
			<array/>
			<key>projectRoot</key>
			<string></string>
			<key>targets</key>
			<array>
				<string>835AEC8A1D80DD7F0046555C</string>
				<string>835AEC9E1D80DD800046555C</string>
				<string>835AECA91D80DD800046555C</string>
			</array>
		</dict>
		<key>835AEC861D80DD7F0046555C</key>
		<dict>
			<key>buildConfigurations</key>
			<array>
				<string>835AECB11D80DD800046555C</string>
				<string>835AECB21D80DD800046555C</string>
			</array>
			<key>defaultConfigurationIsVisible</key>
			<string>0</string>
			<key>defaultConfigurationName</key>
			<string>Release</string>
			<key>isa</key>
			<string>XCConfigurationList</string>
		</dict>
		<key>835AEC871D80DD7F0046555C</key>
		<dict>
			<key>buildActionMask</key>
			<string>2147483647</string>
			<key>files</key>
			<array>
				<string>835AEC911D80DD800046555C</string>
				<string>835AECBD1D80ED8F0046555C</string>
				<string>835AEC8F1D80DD800046555C</string>
			</array>
			<key>isa</key>
			<string>PBXSourcesBuildPhase</string>
			<key>runOnlyForDeploymentPostprocessing</key>
			<string>0</string>
		</dict>
		<key>835AEC881D80DD7F0046555C</key>
		<dict>
			<key>buildActionMask</key>
			<string>2147483647</string>
			<key>files</key>
			<array>
				<string>EF14943B7535A230677C225A</string>
				<string>F7F17AD6D6A1500A63964B76</string>
				<string>11E27AF998774094A890C3F0</string>
				<string>2B0E7E5FE55E749AD6453531</string>
				<string>1F989EE8F5967246536D82D3</string>
				<string>B89D37FCEE137C0A4A033DB6</string>
				<string>37E3766B6B9D062C114A74D7</string>
				<string>233DFA7C9B68A528A281D1F0</string>
				<string>AA49946F3170D758EAA42E88</string>
			</array>
			<key>isa</key>
			<string>PBXFrameworksBuildPhase</string>
			<key>runOnlyForDeploymentPostprocessing</key>
			<string>0</string>
		</dict>
		<key>835AEC891D80DD7F0046555C</key>
		<dict>
			<key>buildActionMask</key>
			<string>2147483647</string>
			<key>files</key>
			<array>
				<string>835AEC991D80DD800046555C</string>
				<string>835F656A1D87A7B400B33AE0</string>
				<string>835AEC961D80DD800046555C</string>
				<string>835AEC941D80DD800046555C</string>
			</array>
			<key>isa</key>
			<string>PBXResourcesBuildPhase</string>
			<key>runOnlyForDeploymentPostprocessing</key>
			<string>0</string>
		</dict>
		<key>835AEC8A1D80DD7F0046555C</key>
		<dict>
			<key>buildConfigurationList</key>
			<string>835AECB31D80DD800046555C</string>
			<key>buildPhases</key>
			<array>
				<string>835AEC871D80DD7F0046555C</string>
				<string>835AEC881D80DD7F0046555C</string>
				<string>835AEC891D80DD7F0046555C</string>
			</array>
			<key>buildRules</key>
			<array/>
			<key>dependencies</key>
			<array/>
			<key>isa</key>
			<string>PBXNativeTarget</string>
			<key>name</key>
			<string>RomanNumeralCalculator</string>
			<key>productName</key>
			<string>RomanNumeralCalculator</string>
			<key>productReference</key>
			<string>835AEC8B1D80DD800046555C</string>
			<key>productType</key>
			<string>com.apple.product-type.application</string>
		</dict>
		<key>835AEC8B1D80DD800046555C</key>
		<dict>
			<key>explicitFileType</key>
			<string>wrapper.application</string>
			<key>includeInIndex</key>
			<string>0</string>
			<key>isa</key>
			<string>PBXFileReference</string>
			<key>path</key>
			<string>RomanNumeralCalculator.app</string>
			<key>sourceTree</key>
			<string>BUILT_PRODUCTS_DIR</string>
		</dict>
		<key>835AEC8C1D80DD800046555C</key>
		<dict>
			<key>children</key>
			<array>
				<string>835AEC8B1D80DD800046555C</string>
				<string>835AEC9F1D80DD800046555C</string>
				<string>835AECAA1D80DD800046555C</string>
			</array>
			<key>isa</key>
			<string>PBXGroup</string>
			<key>name</key>
			<string>Products</string>
			<key>sourceTree</key>
			<string>&lt;group&gt;</string>
		</dict>
		<key>835AEC8D1D80DD800046555C</key>
		<dict>
			<key>children</key>
			<array>
				<string>835F65691D87A7B400B33AE0</string>
				<string>835AEC8E1D80DD800046555C</string>
				<string>835AEC901D80DD800046555C</string>
				<string>835AEC921D80DD800046555C</string>
				<string>835AEC951D80DD800046555C</string>
				<string>835AEC971D80DD800046555C</string>
				<string>835AEC9A1D80DD800046555C</string>
				<string>835AECBC1D80ED8F0046555C</string>
			</array>
			<key>isa</key>
			<string>PBXGroup</string>
			<key>path</key>
			<string>RomanNumeralCalculator</string>
			<key>sourceTree</key>
			<string>&lt;group&gt;</string>
		</dict>
		<key>835AEC8E1D80DD800046555C</key>
		<dict>
			<key>isa</key>
			<string>PBXFileReference</string>
			<key>lastKnownFileType</key>
			<string>sourcecode.swift</string>
			<key>path</key>
			<string>AppDelegate.swift</string>
			<key>sourceTree</key>
			<string>&lt;group&gt;</string>
		</dict>
		<key>835AEC8F1D80DD800046555C</key>
		<dict>
			<key>fileRef</key>
			<string>835AEC8E1D80DD800046555C</string>
			<key>isa</key>
			<string>PBXBuildFile</string>
		</dict>
		<key>835AEC901D80DD800046555C</key>
		<dict>
			<key>isa</key>
			<string>PBXFileReference</string>
			<key>lastKnownFileType</key>
			<string>sourcecode.swift</string>
			<key>path</key>
			<string>ViewController.swift</string>
			<key>sourceTree</key>
			<string>&lt;group&gt;</string>
		</dict>
		<key>835AEC911D80DD800046555C</key>
		<dict>
			<key>fileRef</key>
			<string>835AEC901D80DD800046555C</string>
			<key>isa</key>
			<string>PBXBuildFile</string>
		</dict>
		<key>835AEC921D80DD800046555C</key>
		<dict>
			<key>children</key>
			<array>
				<string>835AEC931D80DD800046555C</string>
			</array>
			<key>isa</key>
			<string>PBXVariantGroup</string>
			<key>name</key>
			<string>Main.storyboard</string>
			<key>sourceTree</key>
			<string>&lt;group&gt;</string>
		</dict>
		<key>835AEC931D80DD800046555C</key>
		<dict>
			<key>isa</key>
			<string>PBXFileReference</string>
			<key>lastKnownFileType</key>
			<string>file.storyboard</string>
			<key>name</key>
			<string>Base</string>
			<key>path</key>
			<string>Base.lproj/Main.storyboard</string>
			<key>sourceTree</key>
			<string>&lt;group&gt;</string>
		</dict>
		<key>835AEC941D80DD800046555C</key>
		<dict>
			<key>fileRef</key>
			<string>835AEC921D80DD800046555C</string>
			<key>isa</key>
			<string>PBXBuildFile</string>
		</dict>
		<key>835AEC951D80DD800046555C</key>
		<dict>
			<key>isa</key>
			<string>PBXFileReference</string>
			<key>lastKnownFileType</key>
			<string>folder.assetcatalog</string>
			<key>path</key>
			<string>Assets.xcassets</string>
			<key>sourceTree</key>
			<string>&lt;group&gt;</string>
		</dict>
		<key>835AEC961D80DD800046555C</key>
		<dict>
			<key>fileRef</key>
			<string>835AEC951D80DD800046555C</string>
			<key>isa</key>
			<string>PBXBuildFile</string>
		</dict>
		<key>835AEC971D80DD800046555C</key>
		<dict>
			<key>children</key>
			<array>
				<string>835AEC981D80DD800046555C</string>
			</array>
			<key>isa</key>
			<string>PBXVariantGroup</string>
			<key>name</key>
			<string>LaunchScreen.storyboard</string>
			<key>sourceTree</key>
			<string>&lt;group&gt;</string>
		</dict>
		<key>835AEC981D80DD800046555C</key>
		<dict>
			<key>isa</key>
			<string>PBXFileReference</string>
			<key>lastKnownFileType</key>
			<string>file.storyboard</string>
			<key>name</key>
			<string>Base</string>
			<key>path</key>
			<string>Base.lproj/LaunchScreen.storyboard</string>
			<key>sourceTree</key>
			<string>&lt;group&gt;</string>
		</dict>
		<key>835AEC991D80DD800046555C</key>
		<dict>
			<key>fileRef</key>
			<string>835AEC971D80DD800046555C</string>
			<key>isa</key>
			<string>PBXBuildFile</string>
		</dict>
		<key>835AEC9A1D80DD800046555C</key>
		<dict>
			<key>isa</key>
			<string>PBXFileReference</string>
			<key>lastKnownFileType</key>
			<string>text.plist.xml</string>
			<key>path</key>
			<string>Info.plist</string>
			<key>sourceTree</key>
			<string>&lt;group&gt;</string>
		</dict>
		<key>835AEC9B1D80DD800046555C</key>
		<dict>
			<key>buildActionMask</key>
			<string>2147483647</string>
			<key>files</key>
			<array>
				<string>835AECA41D80DD800046555C</string>
			</array>
			<key>isa</key>
			<string>PBXSourcesBuildPhase</string>
			<key>runOnlyForDeploymentPostprocessing</key>
			<string>0</string>
		</dict>
		<key>835AEC9C1D80DD800046555C</key>
		<dict>
			<key>buildActionMask</key>
			<string>2147483647</string>
			<key>files</key>
			<array/>
			<key>isa</key>
			<string>PBXFrameworksBuildPhase</string>
			<key>runOnlyForDeploymentPostprocessing</key>
			<string>0</string>
		</dict>
		<key>835AEC9D1D80DD800046555C</key>
		<dict>
			<key>buildActionMask</key>
			<string>2147483647</string>
			<key>files</key>
			<array/>
			<key>isa</key>
			<string>PBXResourcesBuildPhase</string>
			<key>runOnlyForDeploymentPostprocessing</key>
			<string>0</string>
		</dict>
		<key>835AEC9E1D80DD800046555C</key>
		<dict>
			<key>buildConfigurationList</key>
			<string>835AECB61D80DD800046555C</string>
			<key>buildPhases</key>
			<array>
				<string>835AEC9B1D80DD800046555C</string>
				<string>835AEC9C1D80DD800046555C</string>
				<string>835AEC9D1D80DD800046555C</string>
			</array>
			<key>buildRules</key>
			<array/>
			<key>dependencies</key>
			<array>
				<string>835AECA11D80DD800046555C</string>
			</array>
			<key>isa</key>
			<string>PBXNativeTarget</string>
			<key>name</key>
			<string>RomanNumeralCalculatorTests</string>
			<key>productName</key>
			<string>RomanNumeralCalculatorTests</string>
			<key>productReference</key>
			<string>835AEC9F1D80DD800046555C</string>
			<key>productType</key>
			<string>com.apple.product-type.bundle.unit-test</string>
		</dict>
		<key>835AEC9F1D80DD800046555C</key>
		<dict>
			<key>explicitFileType</key>
			<string>wrapper.cfbundle</string>
			<key>includeInIndex</key>
			<string>0</string>
			<key>isa</key>
			<string>PBXFileReference</string>
			<key>path</key>
			<string>RomanNumeralCalculatorTests.xctest</string>
			<key>sourceTree</key>
			<string>BUILT_PRODUCTS_DIR</string>
		</dict>
		<key>835AECA01D80DD800046555C</key>
		<dict>
			<key>containerPortal</key>
			<string>835AEC831D80DD7F0046555C</string>
			<key>isa</key>
			<string>PBXContainerItemProxy</string>
			<key>proxyType</key>
			<string>1</string>
			<key>remoteGlobalIDString</key>
			<string>835AEC8A1D80DD7F0046555C</string>
			<key>remoteInfo</key>
			<string>RomanNumeralCalculator</string>
		</dict>
		<key>835AECA11D80DD800046555C</key>
		<dict>
			<key>isa</key>
			<string>PBXTargetDependency</string>
			<key>target</key>
			<string>835AEC8A1D80DD7F0046555C</string>
			<key>targetProxy</key>
			<string>835AECA01D80DD800046555C</string>
		</dict>
		<key>835AECA21D80DD800046555C</key>
		<dict>
			<key>children</key>
			<array>
				<string>835AECA31D80DD800046555C</string>
				<string>835AECA51D80DD800046555C</string>
			</array>
			<key>isa</key>
			<string>PBXGroup</string>
			<key>path</key>
			<string>RomanNumeralCalculatorTests</string>
			<key>sourceTree</key>
			<string>&lt;group&gt;</string>
		</dict>
		<key>835AECA31D80DD800046555C</key>
		<dict>
			<key>isa</key>
			<string>PBXFileReference</string>
			<key>lastKnownFileType</key>
			<string>sourcecode.swift</string>
			<key>path</key>
			<string>RomanNumeralCalculatorTests.swift</string>
			<key>sourceTree</key>
			<string>&lt;group&gt;</string>
		</dict>
		<key>835AECA41D80DD800046555C</key>
		<dict>
			<key>fileRef</key>
			<string>835AECA31D80DD800046555C</string>
			<key>isa</key>
			<string>PBXBuildFile</string>
		</dict>
		<key>835AECA51D80DD800046555C</key>
		<dict>
			<key>isa</key>
			<string>PBXFileReference</string>
			<key>lastKnownFileType</key>
			<string>text.plist.xml</string>
			<key>path</key>
			<string>Info.plist</string>
			<key>sourceTree</key>
			<string>&lt;group&gt;</string>
		</dict>
		<key>835AECA61D80DD800046555C</key>
		<dict>
			<key>buildActionMask</key>
			<string>2147483647</string>
			<key>files</key>
			<array>
				<string>835AECAF1D80DD800046555C</string>
			</array>
			<key>isa</key>
			<string>PBXSourcesBuildPhase</string>
			<key>runOnlyForDeploymentPostprocessing</key>
			<string>0</string>
		</dict>
		<key>835AECA71D80DD800046555C</key>
		<dict>
			<key>buildActionMask</key>
			<string>2147483647</string>
			<key>files</key>
			<array/>
			<key>isa</key>
			<string>PBXFrameworksBuildPhase</string>
			<key>runOnlyForDeploymentPostprocessing</key>
			<string>0</string>
		</dict>
		<key>835AECA81D80DD800046555C</key>
		<dict>
			<key>buildActionMask</key>
			<string>2147483647</string>
			<key>files</key>
			<array/>
			<key>isa</key>
			<string>PBXResourcesBuildPhase</string>
			<key>runOnlyForDeploymentPostprocessing</key>
			<string>0</string>
		</dict>
		<key>835AECA91D80DD800046555C</key>
		<dict>
			<key>buildConfigurationList</key>
			<string>835AECB91D80DD800046555C</string>
			<key>buildPhases</key>
			<array>
				<string>835AECA61D80DD800046555C</string>
				<string>835AECA71D80DD800046555C</string>
				<string>835AECA81D80DD800046555C</string>
			</array>
			<key>buildRules</key>
			<array/>
			<key>dependencies</key>
			<array>
				<string>835AECAC1D80DD800046555C</string>
			</array>
			<key>isa</key>
			<string>PBXNativeTarget</string>
			<key>name</key>
			<string>RomanNumeralCalculatorUITests</string>
			<key>productName</key>
			<string>RomanNumeralCalculatorUITests</string>
			<key>productReference</key>
			<string>835AECAA1D80DD800046555C</string>
			<key>productType</key>
			<string>com.apple.product-type.bundle.ui-testing</string>
		</dict>
		<key>835AECAA1D80DD800046555C</key>
		<dict>
			<key>explicitFileType</key>
			<string>wrapper.cfbundle</string>
			<key>includeInIndex</key>
			<string>0</string>
			<key>isa</key>
			<string>PBXFileReference</string>
			<key>path</key>
			<string>RomanNumeralCalculatorUITests.xctest</string>
			<key>sourceTree</key>
			<string>BUILT_PRODUCTS_DIR</string>
		</dict>
		<key>835AECAB1D80DD800046555C</key>
		<dict>
			<key>containerPortal</key>
			<string>835AEC831D80DD7F0046555C</string>
			<key>isa</key>
			<string>PBXContainerItemProxy</string>
			<key>proxyType</key>
			<string>1</string>
			<key>remoteGlobalIDString</key>
			<string>835AEC8A1D80DD7F0046555C</string>
			<key>remoteInfo</key>
			<string>RomanNumeralCalculator</string>
		</dict>
		<key>835AECAC1D80DD800046555C</key>
		<dict>
			<key>isa</key>
			<string>PBXTargetDependency</string>
			<key>target</key>
			<string>835AEC8A1D80DD7F0046555C</string>
			<key>targetProxy</key>
			<string>835AECAB1D80DD800046555C</string>
		</dict>
		<key>835AECAD1D80DD800046555C</key>
		<dict>
			<key>children</key>
			<array>
				<string>835AECAE1D80DD800046555C</string>
				<string>835AECB01D80DD800046555C</string>
			</array>
			<key>isa</key>
			<string>PBXGroup</string>
			<key>path</key>
			<string>RomanNumeralCalculatorUITests</string>
			<key>sourceTree</key>
			<string>&lt;group&gt;</string>
		</dict>
		<key>835AECAE1D80DD800046555C</key>
		<dict>
			<key>isa</key>
			<string>PBXFileReference</string>
			<key>lastKnownFileType</key>
			<string>sourcecode.swift</string>
			<key>path</key>
			<string>RomanNumeralCalculatorUITests.swift</string>
			<key>sourceTree</key>
			<string>&lt;group&gt;</string>
		</dict>
		<key>835AECAF1D80DD800046555C</key>
		<dict>
			<key>fileRef</key>
			<string>835AECAE1D80DD800046555C</string>
			<key>isa</key>
			<string>PBXBuildFile</string>
		</dict>
		<key>835AECB01D80DD800046555C</key>
		<dict>
			<key>isa</key>
			<string>PBXFileReference</string>
			<key>lastKnownFileType</key>
			<string>text.plist.xml</string>
			<key>path</key>
			<string>Info.plist</string>
			<key>sourceTree</key>
			<string>&lt;group&gt;</string>
		</dict>
		<key>835AECB11D80DD800046555C</key>
		<dict>
			<key>buildSettings</key>
			<dict>
				<key>ALWAYS_SEARCH_USER_PATHS</key>
				<string>NO</string>
				<key>CLANG_ANALYZER_NONNULL</key>
				<string>YES</string>
				<key>CLANG_CXX_LANGUAGE_STANDARD</key>
				<string>gnu++0x</string>
				<key>CLANG_CXX_LIBRARY</key>
				<string>libc++</string>
				<key>CLANG_ENABLE_MODULES</key>
				<string>YES</string>
				<key>CLANG_ENABLE_OBJC_ARC</key>
				<string>YES</string>
				<key>CLANG_WARN_BOOL_CONVERSION</key>
				<string>YES</string>
				<key>CLANG_WARN_CONSTANT_CONVERSION</key>
				<string>YES</string>
				<key>CLANG_WARN_DIRECT_OBJC_ISA_USAGE</key>
				<string>YES_ERROR</string>
				<key>CLANG_WARN_EMPTY_BODY</key>
				<string>YES</string>
				<key>CLANG_WARN_ENUM_CONVERSION</key>
				<string>YES</string>
				<key>CLANG_WARN_INT_CONVERSION</key>
				<string>YES</string>
				<key>CLANG_WARN_OBJC_ROOT_CLASS</key>
				<string>YES_ERROR</string>
				<key>CLANG_WARN_UNREACHABLE_CODE</key>
				<string>YES</string>
				<key>CLANG_WARN__DUPLICATE_METHOD_MATCH</key>
				<string>YES</string>
				<key>CODE_SIGN_IDENTITY[sdk=iphoneos*]</key>
				<string>iPhone Developer</string>
				<key>COPY_PHASE_STRIP</key>
				<string>NO</string>
				<key>DEBUG_INFORMATION_FORMAT</key>
				<string>dwarf</string>
				<key>ENABLE_STRICT_OBJC_MSGSEND</key>
				<string>YES</string>
				<key>ENABLE_TESTABILITY</key>
				<string>YES</string>
				<key>GCC_C_LANGUAGE_STANDARD</key>
				<string>gnu99</string>
				<key>GCC_DYNAMIC_NO_PIC</key>
				<string>NO</string>
				<key>GCC_NO_COMMON_BLOCKS</key>
				<string>YES</string>
				<key>GCC_OPTIMIZATION_LEVEL</key>
				<string>0</string>
				<key>GCC_PREPROCESSOR_DEFINITIONS</key>
				<array>
					<string>DEBUG=1</string>
					<string>$(inherited)</string>
				</array>
				<key>GCC_WARN_64_TO_32_BIT_CONVERSION</key>
				<string>YES</string>
				<key>GCC_WARN_ABOUT_RETURN_TYPE</key>
				<string>YES_ERROR</string>
				<key>GCC_WARN_UNDECLARED_SELECTOR</key>
				<string>YES</string>
				<key>GCC_WARN_UNINITIALIZED_AUTOS</key>
				<string>YES_AGGRESSIVE</string>
				<key>GCC_WARN_UNUSED_FUNCTION</key>
				<string>YES</string>
				<key>GCC_WARN_UNUSED_VARIABLE</key>
				<string>YES</string>
				<key>IPHONEOS_DEPLOYMENT_TARGET</key>
				<string>9.3</string>
				<key>MTL_ENABLE_DEBUG_INFO</key>
				<string>YES</string>
				<key>ONLY_ACTIVE_ARCH</key>
				<string>YES</string>
				<key>SDKROOT</key>
				<string>iphoneos</string>
				<key>SWIFT_OPTIMIZATION_LEVEL</key>
				<string>-Onone</string>
				<key>TARGETED_DEVICE_FAMILY</key>
				<string>1,2</string>
			</dict>
			<key>isa</key>
			<string>XCBuildConfiguration</string>
			<key>name</key>
			<string>Debug</string>
		</dict>
		<key>835AECB21D80DD800046555C</key>
		<dict>
			<key>buildSettings</key>
			<dict>
				<key>ALWAYS_SEARCH_USER_PATHS</key>
				<string>NO</string>
				<key>CLANG_ANALYZER_NONNULL</key>
				<string>YES</string>
				<key>CLANG_CXX_LANGUAGE_STANDARD</key>
				<string>gnu++0x</string>
				<key>CLANG_CXX_LIBRARY</key>
				<string>libc++</string>
				<key>CLANG_ENABLE_MODULES</key>
				<string>YES</string>
				<key>CLANG_ENABLE_OBJC_ARC</key>
				<string>YES</string>
				<key>CLANG_WARN_BOOL_CONVERSION</key>
				<string>YES</string>
				<key>CLANG_WARN_CONSTANT_CONVERSION</key>
				<string>YES</string>
				<key>CLANG_WARN_DIRECT_OBJC_ISA_USAGE</key>
				<string>YES_ERROR</string>
				<key>CLANG_WARN_EMPTY_BODY</key>
				<string>YES</string>
				<key>CLANG_WARN_ENUM_CONVERSION</key>
				<string>YES</string>
				<key>CLANG_WARN_INT_CONVERSION</key>
				<string>YES</string>
				<key>CLANG_WARN_OBJC_ROOT_CLASS</key>
				<string>YES_ERROR</string>
				<key>CLANG_WARN_UNREACHABLE_CODE</key>
				<string>YES</string>
				<key>CLANG_WARN__DUPLICATE_METHOD_MATCH</key>
				<string>YES</string>
				<key>CODE_SIGN_IDENTITY[sdk=iphoneos*]</key>
				<string>iPhone Developer</string>
				<key>COPY_PHASE_STRIP</key>
				<string>NO</string>
				<key>DEBUG_INFORMATION_FORMAT</key>
				<string>dwarf-with-dsym</string>
				<key>ENABLE_NS_ASSERTIONS</key>
				<string>NO</string>
				<key>ENABLE_STRICT_OBJC_MSGSEND</key>
				<string>YES</string>
				<key>GCC_C_LANGUAGE_STANDARD</key>
				<string>gnu99</string>
				<key>GCC_NO_COMMON_BLOCKS</key>
				<string>YES</string>
				<key>GCC_WARN_64_TO_32_BIT_CONVERSION</key>
				<string>YES</string>
				<key>GCC_WARN_ABOUT_RETURN_TYPE</key>
				<string>YES_ERROR</string>
				<key>GCC_WARN_UNDECLARED_SELECTOR</key>
				<string>YES</string>
				<key>GCC_WARN_UNINITIALIZED_AUTOS</key>
				<string>YES_AGGRESSIVE</string>
				<key>GCC_WARN_UNUSED_FUNCTION</key>
				<string>YES</string>
				<key>GCC_WARN_UNUSED_VARIABLE</key>
				<string>YES</string>
				<key>IPHONEOS_DEPLOYMENT_TARGET</key>
				<string>9.3</string>
				<key>MTL_ENABLE_DEBUG_INFO</key>
				<string>NO</string>
				<key>SDKROOT</key>
				<string>iphoneos</string>
				<key>TARGETED_DEVICE_FAMILY</key>
				<string>1,2</string>
				<key>VALIDATE_PRODUCT</key>
				<string>YES</string>
			</dict>
			<key>isa</key>
			<string>XCBuildConfiguration</string>
			<key>name</key>
			<string>Release</string>
		</dict>
		<key>835AECB31D80DD800046555C</key>
		<dict>
			<key>buildConfigurations</key>
			<array>
				<string>835AECB41D80DD800046555C</string>
				<string>835AECB51D80DD800046555C</string>
			</array>
			<key>defaultConfigurationIsVisible</key>
			<string>0</string>
			<key>defaultConfigurationName</key>
			<string>Release</string>
			<key>isa</key>
			<string>XCConfigurationList</string>
		</dict>
		<key>835AECB41D80DD800046555C</key>
		<dict>
			<key>buildSettings</key>
			<dict>
				<key>ASSETCATALOG_COMPILER_APPICON_NAME</key>
				<string>AppIcon</string>
				<key>CODE_SIGN_IDENTITY</key>
				<string>iPhone Developer</string>
				<key>CODE_SIGN_IDENTITY[sdk=iphoneos*]</key>
				<string>iPhone Developer</string>
				<key>FRAMEWORK_SEARCH_PATHS</key>
				<array>
					<string>$(inherited)</string>
					<string>$(PROJECT_DIR)</string>
				</array>
				<key>INFOPLIST_FILE</key>
				<string>RomanNumeralCalculator/Info.plist</string>
				<key>LD_RUNPATH_SEARCH_PATHS</key>
				<string>$(inherited) @executable_path/Frameworks</string>
				<key>PRODUCT_BUNDLE_IDENTIFIER</key>
				<string>com.nsspain.RomanNumeralCalculator</string>
				<key>PRODUCT_NAME</key>
				<string>$(TARGET_NAME)</string>
				<key>PROVISIONING_PROFILE</key>
				<string></string>
				<key>SWIFT_OBJC_BRIDGING_HEADER</key>
				<string>Bridging-Header.h</string>
			</dict>
			<key>isa</key>
			<string>XCBuildConfiguration</string>
			<key>name</key>
			<string>Debug</string>
		</dict>
		<key>835AECB51D80DD800046555C</key>
		<dict>
			<key>buildSettings</key>
			<dict>
				<key>ASSETCATALOG_COMPILER_APPICON_NAME</key>
				<string>AppIcon</string>
				<key>CODE_SIGN_IDENTITY</key>
				<string>iPhone Developer</string>
				<key>CODE_SIGN_IDENTITY[sdk=iphoneos*]</key>
				<string>iPhone Developer</string>
				<key>FRAMEWORK_SEARCH_PATHS</key>
				<array>
					<string>$(inherited)</string>
					<string>$(PROJECT_DIR)</string>
				</array>
				<key>INFOPLIST_FILE</key>
				<string>RomanNumeralCalculator/Info.plist</string>
				<key>LD_RUNPATH_SEARCH_PATHS</key>
				<string>$(inherited) @executable_path/Frameworks</string>
				<key>PRODUCT_BUNDLE_IDENTIFIER</key>
				<string>com.nsspain.RomanNumeralCalculator</string>
				<key>PRODUCT_NAME</key>
				<string>$(TARGET_NAME)</string>
				<key>PROVISIONING_PROFILE</key>
				<string></string>
				<key>SWIFT_OBJC_BRIDGING_HEADER</key>
				<string>Bridging-Header.h</string>
			</dict>
			<key>isa</key>
			<string>XCBuildConfiguration</string>
			<key>name</key>
			<string>Release</string>
		</dict>
		<key>835AECB61D80DD800046555C</key>
		<dict>
			<key>buildConfigurations</key>
			<array>
				<string>835AECB71D80DD800046555C</string>
				<string>835AECB81D80DD800046555C</string>
			</array>
			<key>defaultConfigurationIsVisible</key>
			<string>0</string>
			<key>defaultConfigurationName</key>
			<string>Release</string>
			<key>isa</key>
			<string>XCConfigurationList</string>
		</dict>
		<key>835AECB71D80DD800046555C</key>
		<dict>
			<key>buildSettings</key>
			<dict>
				<key>BUNDLE_LOADER</key>
				<string>$(TEST_HOST)</string>
				<key>INFOPLIST_FILE</key>
				<string>RomanNumeralCalculatorTests/Info.plist</string>
				<key>LD_RUNPATH_SEARCH_PATHS</key>
				<string>$(inherited) @executable_path/Frameworks @loader_path/Frameworks</string>
				<key>PRODUCT_BUNDLE_IDENTIFIER</key>
				<string>com.nsspain.RomanNumeralCalculatorTests</string>
				<key>PRODUCT_NAME</key>
				<string>$(TARGET_NAME)</string>
				<key>TEST_HOST</key>
				<string>$(BUILT_PRODUCTS_DIR)/RomanNumeralCalculator.app/RomanNumeralCalculator</string>
			</dict>
			<key>isa</key>
			<string>XCBuildConfiguration</string>
			<key>name</key>
			<string>Debug</string>
		</dict>
		<key>835AECB81D80DD800046555C</key>
		<dict>
			<key>buildSettings</key>
			<dict>
				<key>BUNDLE_LOADER</key>
				<string>$(TEST_HOST)</string>
				<key>INFOPLIST_FILE</key>
				<string>RomanNumeralCalculatorTests/Info.plist</string>
				<key>LD_RUNPATH_SEARCH_PATHS</key>
				<string>$(inherited) @executable_path/Frameworks @loader_path/Frameworks</string>
				<key>PRODUCT_BUNDLE_IDENTIFIER</key>
				<string>com.nsspain.RomanNumeralCalculatorTests</string>
				<key>PRODUCT_NAME</key>
				<string>$(TARGET_NAME)</string>
				<key>TEST_HOST</key>
				<string>$(BUILT_PRODUCTS_DIR)/RomanNumeralCalculator.app/RomanNumeralCalculator</string>
			</dict>
			<key>isa</key>
			<string>XCBuildConfiguration</string>
			<key>name</key>
			<string>Release</string>
		</dict>
		<key>835AECB91D80DD800046555C</key>
		<dict>
			<key>buildConfigurations</key>
			<array>
				<string>835AECBA1D80DD800046555C</string>
				<string>835AECBB1D80DD800046555C</string>
			</array>
			<key>defaultConfigurationIsVisible</key>
			<string>0</string>
			<key>defaultConfigurationName</key>
			<string>Release</string>
			<key>isa</key>
			<string>XCConfigurationList</string>
		</dict>
		<key>835AECBA1D80DD800046555C</key>
		<dict>
			<key>buildSettings</key>
			<dict>
				<key>INFOPLIST_FILE</key>
				<string>RomanNumeralCalculatorUITests/Info.plist</string>
				<key>LD_RUNPATH_SEARCH_PATHS</key>
				<string>$(inherited) @executable_path/Frameworks @loader_path/Frameworks</string>
				<key>PRODUCT_BUNDLE_IDENTIFIER</key>
				<string>com.nsspain.RomanNumeralCalculatorUITests</string>
				<key>PRODUCT_NAME</key>
				<string>$(TARGET_NAME)</string>
				<key>TEST_TARGET_NAME</key>
				<string>RomanNumeralCalculator</string>
			</dict>
			<key>isa</key>
			<string>XCBuildConfiguration</string>
			<key>name</key>
			<string>Debug</string>
		</dict>
		<key>835AECBB1D80DD800046555C</key>
		<dict>
			<key>buildSettings</key>
			<dict>
				<key>INFOPLIST_FILE</key>
				<string>RomanNumeralCalculatorUITests/Info.plist</string>
				<key>LD_RUNPATH_SEARCH_PATHS</key>
				<string>$(inherited) @executable_path/Frameworks @loader_path/Frameworks</string>
				<key>PRODUCT_BUNDLE_IDENTIFIER</key>
				<string>com.nsspain.RomanNumeralCalculatorUITests</string>
				<key>PRODUCT_NAME</key>
				<string>$(TARGET_NAME)</string>
				<key>TEST_TARGET_NAME</key>
				<string>RomanNumeralCalculator</string>
			</dict>
			<key>isa</key>
			<string>XCBuildConfiguration</string>
			<key>name</key>
			<string>Release</string>
		</dict>
		<key>835AECBC1D80ED8F0046555C</key>
		<dict>
			<key>fileEncoding</key>
			<string>4</string>
			<key>isa</key>
			<string>PBXFileReference</string>
			<key>lastKnownFileType</key>
			<string>sourcecode.swift</string>
			<key>path</key>
			<string>RomanNumeral.swift</string>
			<key>sourceTree</key>
			<string>&lt;group&gt;</string>
		</dict>
		<key>835AECBD1D80ED8F0046555C</key>
		<dict>
			<key>fileRef</key>
			<string>835AECBC1D80ED8F0046555C</string>
			<key>isa</key>
			<string>PBXBuildFile</string>
		</dict>
		<key>835F65691D87A7B400B33AE0</key>
		<dict>
			<key>isa</key>
			<string>PBXFileReference</string>
			<key>lastKnownFileType</key>
			<string>folder</string>
			<key>path</key>
			<string>Icons</string>
			<key>sourceTree</key>
			<string>SOURCE_ROOT</string>
		</dict>
		<key>835F656A1D87A7B400B33AE0</key>
		<dict>
			<key>fileRef</key>
			<string>835F65691D87A7B400B33AE0</string>
			<key>isa</key>
			<string>PBXBuildFile</string>
		</dict>
		<key>84C013C0B11AB9F95B36881F</key>
		<dict>
			<key>children</key>
			<array>
				<string>FA98DF8C06E63448001E4B42</string>
				<string>2B04790C1F43C99942EF78AD</string>
				<string>A7717DCF720ADA38CF58AE5F</string>
				<string>1A197A6FFC421852069A123F</string>
				<string>C0CC85E3DFBD26D5B41E1AAE</string>
				<string>2074ABAFCD752C9366216FB5</string>
				<string>EC448A2D5D7B5C1D22AE0C02</string>
				<string>C58B207E394C1A859B2CEC0A</string>
				<string>539362157D812D225FFC2704</string>
			</array>
			<key>isa</key>
			<string>PBXGroup</string>
			<key>name</key>
			<string>Frameworks</string>
			<key>sourceTree</key>
			<string>&lt;group&gt;</string>
		</dict>
		<key>A7717DCF720ADA38CF58AE5F</key>
		<dict>
			<key>isa</key>
			<string>PBXFileReference</string>
			<key>lastKnownFileType</key>
			<string>wrapper.framework</string>
			<key>name</key>
			<string>CoreText.framework</string>
			<key>path</key>
			<string>System/Library/Frameworks/CoreText.framework</string>
			<key>sourceTree</key>
			<string>SDKROOT</string>
		</dict>
		<key>AA49946F3170D758EAA42E88</key>
		<dict>
			<key>fileRef</key>
			<string>539362157D812D225FFC2704</string>
			<key>isa</key>
			<string>PBXBuildFile</string>
		</dict>
		<key>B89D37FCEE137C0A4A033DB6</key>
		<dict>
			<key>fileRef</key>
			<string>2074ABAFCD752C9366216FB5</string>
			<key>isa</key>
			<string>PBXBuildFile</string>
		</dict>
		<key>C0CC85E3DFBD26D5B41E1AAE</key>
		<dict>
			<key>isa</key>
			<string>PBXFileReference</string>
			<key>lastKnownFileType</key>
			<string>wrapper.framework</string>
			<key>name</key>
			<string>SystemConfiguration.framework</string>
			<key>path</key>
			<string>System/Library/Frameworks/SystemConfiguration.framework</string>
			<key>sourceTree</key>
			<string>SDKROOT</string>
		</dict>
		<key>C58B207E394C1A859B2CEC0A</key>
		<dict>
			<key>isa</key>
			<string>PBXFileReference</string>
			<key>lastKnownFileType</key>
			<string>wrapper.framework</string>
			<key>name</key>
			<string>CoreMedia.framework</string>
			<key>path</key>
			<string>System/Library/Frameworks/CoreMedia.framework</string>
			<key>sourceTree</key>
			<string>SDKROOT</string>
		</dict>
		<key>EC448A2D5D7B5C1D22AE0C02</key>
		<dict>
			<key>isa</key>
			<string>PBXFileReference</string>
			<key>lastKnownFileType</key>
			<string>wrapper.framework</string>
			<key>name</key>
			<string>AVFoundation.framework</string>
			<key>path</key>
			<string>System/Library/Frameworks/AVFoundation.framework</string>
			<key>sourceTree</key>
			<string>SDKROOT</string>
		</dict>
		<key>EF14943B7535A230677C225A</key>
		<dict>
			<key>fileRef</key>
			<string>FA98DF8C06E63448001E4B42</string>
			<key>isa</key>
			<string>PBXBuildFile</string>
		</dict>
		<key>F7F17AD6D6A1500A63964B76</key>
		<dict>
			<key>fileRef</key>
			<string>2B04790C1F43C99942EF78AD</string>
			<key>isa</key>
			<string>PBXBuildFile</string>
		</dict>
		<key>FA98DF8C06E63448001E4B42</key>
		<dict>
			<key>isa</key>
			<string>PBXFileReference</string>
			<key>lastKnownFileType</key>
			<string>wrapper.framework</string>
			<key>name</key>
			<string>BuddyBuildSDK.framework</string>
			<key>path</key>
			<string>BuddyBuildSDK.framework</string>
			<key>sourceTree</key>
			<string>&lt;group&gt;</string>
		</dict>
	</dict>
	<key>rootObject</key>
	<string>835AEC831D80DD7F0046555C</string>
</dict>
</plist>
